
Microsoft Visual Studio Solution File, Format Version 12.00
# Visual Studio Version 16
VisualStudioVersion = 16.0.30204.135
MinimumVisualStudioVersion = 10.0.40219.1
Project("{FAE04EC0-301F-11D3-BF4B-00C04F79EFBC}") = "FirmaPdf", "FirmaPdf\FirmaPdf.csproj", "{338FE9D1-31B9-4050-859D-D20F2C714E4A}"
EndProject
Global
	GlobalSection(SolutionConfigurationPlatforms) = preSolution
		Debug|Any CPU = Debug|Any CPU
		Release|Any CPU = Release|Any CPU
	EndGlobalSection
	GlobalSection(ProjectConfigurationPlatforms) = postSolution
		{338FE9D1-31B9-4050-859D-D20F2C714E4A}.Debug|Any CPU.ActiveCfg = Debug|Any CPU
		{338FE9D1-31B9-4050-859D-D20F2C714E4A}.Debug|Any CPU.Build.0 = Debug|Any CPU
		{338FE9D1-31B9-4050-859D-D20F2C714E4A}.Release|Any CPU.ActiveCfg = Release|Any CPU
		{338FE9D1-31B9-4050-859D-D20F2C714E4A}.Release|Any CPU.Build.0 = Release|Any CPU
	EndGlobalSection
	GlobalSection(SolutionProperties) = preSolution
		HideSolutionNode = FALSE
	EndGlobalSection
	GlobalSection(ExtensibilityGlobals) = postSolution
		SolutionGuid = {E3D3D621-6FA3-452C-B23E-22F00D64490D}
	EndGlobalSection
EndGlobal
